deedles.dev/ea v0.1.0 h1:iBejKPT+7dTFXwktkAJZ064AE0Ne1bG+BrdLVPXm6E4=
deedles.dev/ea v0.1.0/go.mod h1:iiEk++kPSMav42pwtp9w5p6pixHSgi0xBxQBh2b4xiM=
deedles.dev/mk v0.1.0 h1:xrvuJA3+R/j6/6AZPc+o31I1rotdKLrAYJxhZJwdOuc=
deedles.dev/mk v0.1.0/go.mod h1:TSFsz0T+BvhNqJae0yrj+KadkN4elx248PCpq2Ol4ME=
deedles.dev/wl v0.0.0-20221216014537-fd3ae82548cb h1:7ctyRqHJZRIpbIKCLUX5rJ+MQue7YQaj4t6quumkDMo=
deedles.dev/wl v0.0.0-20221216014537-fd3ae82548cb/go.mod h1:6WzJDDZ4rl5PdqfOjG73ewAFocsa5A6xJdAEV3MXdHE=
deedles.dev/ximage v0.0.0-20221215050754-c0e5b3d5cb27 h1:F+mE6jyINi+KLXQ1nUSJRSWo3WB9a7I1vw1Lz+zrhdo=
deedles.dev/ximage v0.0.0-20221215050754-c0e5b3d5cb27/go.mod h1:L+pty+8xzHkc+kdS98tKtnSk7AlPpHbmnZjF2XK7ytU=
deedles.dev/xsync v0.0.0-20221215201030-5011232ac8e5 h1:mUf7Kg0srqiMj6RUpWHgRdY6j9lJkugY9WKwJXUbC9M=
deedles.dev/xsync v0.0.0-20221215201030-5011232ac8e5/go.mod h1:wsmuit2ps+u+6DLp6cIzQ6v9bP9/WasjyX3ygqM/3UY=
github.com/davecgh/go-spew v1.1.1 h1:vj9j/u1bqnvCEfJOwUhtlOARqs3+rkHYY13jYWTU97c=
github.com/pmezard/go-difflib v1.0.0 h1:4DBwDE0NGyQoBHbLQYPwSUPoCMWR5BEzIk/f1lZbAQM=
github.com/stretchr/testify v1.8.1 h1:w7B6lhMri9wdJUVmEZPGGhZzrYTPvgJArz7wNPgYKsk=
golang.org/x/sys v0.3.0 h1:w8ZOecv6NaNa/zC8944JTU3vz4u6Lagfk4RPQxv92NQ=
golang.org/x/sys v0.3.0/go.mod h1:oPkhp1MJrh7nUepCBck5+mAzfO9JrbApNNgaTdGDITg=
gopkg.in/yaml.v3 v3.0.1 h1:fxVm/GzAzEWqLHuvctI91KS9hhNmmWOoWu0XTYJS7CA=
