deedles.dev/ea v0.1.1-0.20221220054123-37135816f892 h1:QihFys+GeS2cI0yIm7NlEO5mzjPwfM8WIUFYbe6a6Ys=
deedles.dev/ea v0.1.1-0.20221220054123-37135816f892/go.mod h1:RNyM93IYEEKiXwkBrgONpmcztrwTf2BSnKF0xdvSwV8=
deedles.dev/wl v0.0.0-20221220054326-c831a02536a9 h1:fwQDy+wDkYR5QGEr6tdJRs8EjEkGGHYvfEEtG8OjkYE=
deedles.dev/wl v0.0.0-20221220054326-c831a02536a9/go.mod h1:cAO9ADU+v+R6Ca78I/aBbsUtIS7zZE/f66OnBkKXqkY=
deedles.dev/ximage v0.0.0-20221215050754-c0e5b3d5cb27 h1:F+mE6jyINi+KLXQ1nUSJRSWo3WB9a7I1vw1Lz+zrhdo=
deedles.dev/ximage v0.0.0-20221215050754-c0e5b3d5cb27/go.mod h1:L+pty+8xzHkc+kdS98tKtnSk7AlPpHbmnZjF2XK7ytU=
deedles.dev/xsync v0.0.0-20221219183131-92cf20a6a77d h1:nNahmcjZOPXtLnCXVHMlWOmrqL7yiuXXUUO+4b1kcQ4=
deedles.dev/xsync v0.0.0-20221219183131-92cf20a6a77d/go.mod h1:wsmuit2ps+u+6DLp6cIzQ6v9bP9/WasjyX3ygqM/3UY=
github.com/davecgh/go-spew v1.1.1 h1:vj9j/u1bqnvCEfJOwUhtlOARqs3+rkHYY13jYWTU97c=
github.com/pmezard/go-difflib v1.0.0 h1:4DBwDE0NGyQoBHbLQYPwSUPoCMWR5BEzIk/f1lZbAQM=
github.com/stretchr/testify v1.8.1 h1:w7B6lhMri9wdJUVmEZPGGhZzrYTPvgJArz7wNPgYKsk=
golang.org/x/sys v0.3.0 h1:w8ZOecv6NaNa/zC8944JTU3vz4u6Lagfk4RPQxv92NQ=
golang.org/x/sys v0.3.0/go.mod h1:oPkhp1MJrh7nUepCBck5+mAzfO9JrbApNNgaTdGDITg=
gopkg.in/yaml.v3 v3.0.1 h1:fxVm/GzAzEWqLHuvctI91KS9hhNmmWOoWu0XTYJS7CA=
