deedles.dev/ea v0.1.1-0.20221216205430-04cb3f64ae71 h1:5nwwpD8ip9BJlG1VJOc4saCl8jufGL3OBuyGsFThKqg=
deedles.dev/ea v0.1.1-0.20221216205430-04cb3f64ae71/go.mod h1:Gh63azekfCpxPuOxUL0NLkNiVKB8XOCSLqB5g6Oa9qI=
deedles.dev/wl v0.0.0-20221216205139-9dc34564fda1 h1:91t+Lm/caBvSjHfQ3HNW7e7HR0WXVFM1YQLwBafyV3c=
deedles.dev/wl v0.0.0-20221216205139-9dc34564fda1/go.mod h1:cahokQk1XaG641kLtkCfCyDgJ1pX8l7u3EbVaO5rDqo=
deedles.dev/ximage v0.0.0-20221215050754-c0e5b3d5cb27 h1:F+mE6jyINi+KLXQ1nUSJRSWo3WB9a7I1vw1Lz+zrhdo=
deedles.dev/ximage v0.0.0-20221215050754-c0e5b3d5cb27/go.mod h1:L+pty+8xzHkc+kdS98tKtnSk7AlPpHbmnZjF2XK7ytU=
deedles.dev/xsync v0.0.0-20221216204901-7736bb1ae6f2 h1:vfveQtKqIkJET80n3ICHoz/YLui0x3qfZf2Yu74KFVY=
deedles.dev/xsync v0.0.0-20221216204901-7736bb1ae6f2/go.mod h1:wsmuit2ps+u+6DLp6cIzQ6v9bP9/WasjyX3ygqM/3UY=
github.com/davecgh/go-spew v1.1.1 h1:vj9j/u1bqnvCEfJOwUhtlOARqs3+rkHYY13jYWTU97c=
github.com/pmezard/go-difflib v1.0.0 h1:4DBwDE0NGyQoBHbLQYPwSUPoCMWR5BEzIk/f1lZbAQM=
github.com/stretchr/testify v1.8.1 h1:w7B6lhMri9wdJUVmEZPGGhZzrYTPvgJArz7wNPgYKsk=
golang.org/x/sys v0.3.0 h1:w8ZOecv6NaNa/zC8944JTU3vz4u6Lagfk4RPQxv92NQ=
golang.org/x/sys v0.3.0/go.mod h1:oPkhp1MJrh7nUepCBck5+mAzfO9JrbApNNgaTdGDITg=
gopkg.in/yaml.v3 v3.0.1 h1:fxVm/GzAzEWqLHuvctI91KS9hhNmmWOoWu0XTYJS7CA=
